// !$*UTF8*$!
{
	archiveVersion = 1;
	classes = {
	};
	objectVersion = 50;
	objects = {

/* Begin PBXBuildFile section */
		181EBB372285100B00F70946 /* AppDelegate.swift in Sources */ = {isa = PBXBuildFile; fileRef = 181EBB362285100B00F70946 /* AppDelegate.swift */; };
		181EBB392285100B00F70946 /* ViewController.swift in Sources */ = {isa = PBXBuildFile; fileRef = 181EBB382285100B00F70946 /* ViewController.swift */; };
		181EBB3C2285100B00F70946 /* Main.storyboard in Resources */ = {isa = PBXBuildFile; fileRef = 181EBB3A2285100B00F70946 /* Main.storyboard */; };
		181EBB3E2285100C00F70946 /* Assets.xcassets in Resources */ = {isa = PBXBuildFile; fileRef = 181EBB3D2285100C00F70946 /* Assets.xcassets */; };
		181EBB412285100C00F70946 /* LaunchScreen.storyboard in Resources */ = {isa = PBXBuildFile; fileRef = 181EBB3F2285100C00F70946 /* LaunchScreen.storyboard */; };
		181EBB4C2285100C00F70946 /* BoundsFrameTests.swift in Sources */ = {isa = PBXBuildFile; fileRef = 181EBB4B2285100C00F70946 /* BoundsFrameTests.swift */; };
		181EBB572285100C00F70946 /* BoundsFrameUITests.swift in Sources */ = {isa = PBXBuildFile; fileRef = 181EBB562285100C00F70946 /* BoundsFrameUITests.swift */; };
/* End PBXBuildFile section */

/* Begin PBXContainerItemProxy section */
		181EBB482285100C00F70946 /* PBXContainerItemProxy */ = {
			isa = PBXContainerItemProxy;
			containerPortal = 181EBB2B2285100B00F70946 /* Project object */;
			proxyType = 1;
			remoteGlobalIDString = 181EBB322285100B00F70946;
			remoteInfo = BoundsFrame;
		};
		181EBB532285100C00F70946 /* PBXContainerItemProxy */ = {
			isa = PBXContainerItemProxy;
			containerPortal = 181EBB2B2285100B00F70946 /* Project object */;
			proxyType = 1;
			remoteGlobalIDString = 181EBB322285100B00F70946;
			remoteInfo = BoundsFrame;
		};
/* End PBXContainerItemProxy section */

/* Begin PBXFileReference section */
		181EBB332285100B00F70946 /* BoundsFrame.app */ = {isa = PBXFileReference; explicitFileType = wrapper.application; includeInIndex = 0; path = BoundsFrame.app; sourceTree = BUILT_PRODUCTS_DIR; };
		181EBB362285100B00F70946 /* AppDelegate.swift */ = {isa = PBXFileReference; lastKnownFileType = sourcecode.swift; path = AppDelegate.swift; sourceTree = "<group>"; };
		181EBB382285100B00F70946 /* ViewController.swift */ = {isa = PBXFileReference; lastKnownFileType = sourcecode.swift; path = ViewController.swift; sourceTree = "<group>"; };
		181EBB3B2285100B00F70946 /* Base */ = {isa = PBXFileReference; lastKnownFileType = file.storyboard; name = Base; path = Base.lproj/Main.storyboard; sourceTree = "<group>"; };
		181EBB3D2285100C00F70946 /* Assets.xcassets */ = {isa = PBXFileReference; lastKnownFileType = folder.assetcatalog; path = Assets.xcassets; sourceTree = "<group>"; };
		181EBB402285100C00F70946 /* Base */ = {isa = PBXFileReference; lastKnownFileType = file.storyboard; name = Base; path = Base.lproj/LaunchScreen.storyboard; sourceTree = "<group>"; };
		181EBB422285100C00F70946 /* Info.plist */ = {isa = PBXFileReference; lastKnownFileType = text.plist.xml; path = Info.plist; sourceTree = "<group>"; };
		181EBB472285100C00F70946 /* BoundsFrameTests.xctest */ = {isa = PBXFileReference; explicitFileType = wrapper.cfbundle; includeInIndex = 0; path = BoundsFrameTests.xctest; sourceTree = BUILT_PRODUCTS_DIR; };
		181EBB4B2285100C00F70946 /* BoundsFrameTests.swift */ = {isa = PBXFileReference; lastKnownFileType = sourcecode.swift; path = BoundsFrameTests.swift; sourceTree = "<group>"; };
		181EBB4D2285100C00F70946 /* Info.plist */ = {isa = PBXFileReference; lastKnownFileType = text.plist.xml; path = Info.plist; sourceTree = "<group>"; };
		181EBB522285100C00F70946 /* BoundsFrameUITests.xctest */ = {isa = PBXFileReference; explicitFileType = wrapper.cfbundle; includeInIndex = 0; path = BoundsFrameUITests.xctest; sourceTree = BUILT_PRODUCTS_DIR; };
		181EBB562285100C00F70946 /* BoundsFrameUITests.swift */ = {isa = PBXFileReference; lastKnownFileType = sourcecode.swift; path = BoundsFrameUITests.swift; sourceTree = "<group>"; };
		181EBB582285100C00F70946 /* Info.plist */ = {isa = PBXFileReference; lastKnownFileType = text.plist.xml; path = Info.plist; sourceTree = "<group>"; };
/* End PBXFileReference section */

/* Begin PBXFrameworksBuildPhase section */
		181EBB302285100B00F70946 /* Frameworks */ = {
			isa = PBXFrameworksBuildPhase;
			buildActionMask = 2147483647;
			files = (
			);
			runOnlyForDeploymentPostprocessing = 0;
		};
		181EBB442285100C00F70946 /* Frameworks */ = {
			isa = PBXFrameworksBuildPhase;
			buildActionMask = 2147483647;
			files = (
			);
			runOnlyForDeploymentPostprocessing = 0;
		};
		181EBB4F2285100C00F70946 /* Frameworks */ = {
			isa = PBXFrameworksBuildPhase;
			buildActionMask = 2147483647;
			files = (
			);
			runOnlyForDeploymentPostprocessing = 0;
		};
/* End PBXFrameworksBuildPhase section */

/* Begin PBXGroup section */
		181EBB2A2285100B00F70946 = {
			isa = PBXGroup;
			children = (
				181EBB352285100B00F70946 /* BoundsFrame */,
				181EBB4A2285100C00F70946 /* BoundsFrameTests */,
				181EBB552285100C00F70946 /* BoundsFrameUITests */,
				181EBB342285100B00F70946 /* Products */,
			);
			sourceTree = "<group>";
		};
		181EBB342285100B00F70946 /* Products */ = {
			isa = PBXGroup;
			children = (
				181EBB332285100B00F70946 /* BoundsFrame.app */,
				181EBB472285100C00F70946 /* BoundsFrameTests.xctest */,
				181EBB522285100C00F70946 /* BoundsFrameUITests.xctest */,
			);
			name = Products;
			sourceTree = "<group>";
		};
		181EBB352285100B00F70946 /* BoundsFrame */ = {
			isa = PBXGroup;
			children = (
				181EBB362285100B00F70946 /* AppDelegate.swift */,
				181EBB382285100B00F70946 /* ViewController.swift */,
				181EBB3A2285100B00F70946 /* Main.storyboard */,
				181EBB3D2285100C00F70946 /* Assets.xcassets */,
				181EBB3F2285100C00F70946 /* LaunchScreen.storyboard */,
				181EBB422285100C00F70946 /* Info.plist */,
			);
			path = BoundsFrame;
			sourceTree = "<group>";
		};
		181EBB4A2285100C00F70946 /* BoundsFrameTests */ = {
			isa = PBXGroup;
			children = (
				181EBB4B2285100C00F70946 /* BoundsFrameTests.swift */,
				181EBB4D2285100C00F70946 /* Info.plist */,
			);
			path = BoundsFrameTests;
			sourceTree = "<group>";
		};
		181EBB552285100C00F70946 /* BoundsFrameUITests */ = {
			isa = PBXGroup;
			children = (
				181EBB562285100C00F70946 /* BoundsFrameUITests.swift */,
				181EBB582285100C00F70946 /* Info.plist */,
			);
			path = BoundsFrameUITests;
			sourceTree = "<group>";
		};
/* End PBXGroup section */

/* Begin PBXNativeTarget section */
		181EBB322285100B00F70946 /* BoundsFrame */ = {
			isa = PBXNativeTarget;
			buildConfigurationList = 181EBB5B2285100C00F70946 /* Build configuration list for PBXNativeTarget "BoundsFrame" */;
			buildPhases = (
				181EBB2F2285100B00F70946 /* Sources */,
				181EBB302285100B00F70946 /* Frameworks */,
				181EBB312285100B00F70946 /* Resources */,
			);
			buildRules = (
			);
			dependencies = (
			);
			name = BoundsFrame;
			productName = BoundsFrame;
			productReference = 181EBB332285100B00F70946 /* BoundsFrame.app */;
			productType = "com.apple.product-type.application";
		};
		181EBB462285100C00F70946 /* BoundsFrameTests */ = {
			isa = PBXNativeTarget;
			buildConfigurationList = 181EBB5E2285100C00F70946 /* Build configuration list for PBXNativeTarget "BoundsFrameTests" */;
			buildPhases = (
				181EBB432285100C00F70946 /* Sources */,
				181EBB442285100C00F70946 /* Frameworks */,
				181EBB452285100C00F70946 /* Resources */,
			);
			buildRules = (
			);
			dependencies = (
				181EBB492285100C00F70946 /* PBXTargetDependency */,
			);
			name = BoundsFrameTests;
			productName = BoundsFrameTests;
			productReference = 181EBB472285100C00F70946 /* BoundsFrameTests.xctest */;
			productType = "com.apple.product-type.bundle.unit-test";
		};
		181EBB512285100C00F70946 /* BoundsFrameUITests */ = {
			isa = PBXNativeTarget;
			buildConfigurationList = 181EBB612285100C00F70946 /* Build configuration list for PBXNativeTarget "BoundsFrameUITests" */;
			buildPhases = (
				181EBB4E2285100C00F70946 /* Sources */,
				181EBB4F2285100C00F70946 /* Frameworks */,
				181EBB502285100C00F70946 /* Resources */,
			);
			buildRules = (
			);
			dependencies = (
				181EBB542285100C00F70946 /* PBXTargetDependency */,
			);
			name = BoundsFrameUITests;
			productName = BoundsFrameUITests;
			productReference = 181EBB522285100C00F70946 /* BoundsFrameUITests.xctest */;
			productType = "com.apple.product-type.bundle.ui-testing";
		};
/* End PBXNativeTarget section */

/* Begin PBXProject section */
		181EBB2B2285100B00F70946 /* Project object */ = {
			isa = PBXProject;
			attributes = {
				LastSwiftUpdateCheck = 1010;
				LastUpgradeCheck = 1010;
				ORGANIZATIONNAME = apple;
				TargetAttributes = {
					181EBB322285100B00F70946 = {
						CreatedOnToolsVersion = 10.1;
					};
					181EBB462285100C00F70946 = {
						CreatedOnToolsVersion = 10.1;
						TestTargetID = 181EBB322285100B00F70946;
					};
					181EBB512285100C00F70946 = {
						CreatedOnToolsVersion = 10.1;
						TestTargetID = 181EBB322285100B00F70946;
					};
				};
			};
			buildConfigurationList = 181EBB2E2285100B00F70946 /* Build configuration list for PBXProject "BoundsFrame" */;
			compatibilityVersion = "Xcode 9.3";
			developmentRegion = en;
			hasScannedForEncodings = 0;
			knownRegions = (
				en,
				Base,
			);
			mainGroup = 181EBB2A2285100B00F70946;
			productRefGroup = 181EBB342285100B00F70946 /* Products */;
			projectDirPath = "";
			projectRoot = "";
			targets = (
				181EBB322285100B00F70946 /* BoundsFrame */,
				181EBB462285100C00F70946 /* BoundsFrameTests */,
				181EBB512285100C00F70946 /* BoundsFrameUITests */,
			);
		};
/* End PBXProject section */

/* Begin PBXResourcesBuildPhase section */
		181EBB312285100B00F70946 /* Resources */ = {
			isa = PBXResourcesBuildPhase;
			buildActionMask = 2147483647;
			files = (
				181EBB412285100C00F70946 /* LaunchScreen.storyboard in Resources */,
				181EBB3E2285100C00F70946 /* Assets.xcassets in Resources */,
				181EBB3C2285100B00F70946 /* Main.storyboard in Resources */,
			);
			runOnlyForDeploymentPostprocessing = 0;
		};
		181EBB452285100C00F70946 /* Resources */ = {
			isa = PBXResourcesBuildPhase;
			buildActionMask = 2147483647;
			files = (
			);
			runOnlyForDeploymentPostprocessing = 0;
		};
		181EBB502285100C00F70946 /* Resources */ = {
			isa = PBXResourcesBuildPhase;
			buildActionMask = 2147483647;
			files = (
			);
			runOnlyForDeploymentPostprocessing = 0;
		};
/* End PBXResourcesBuildPhase section */

/* Begin PBXSourcesBuildPhase section */
		181EBB2F2285100B00F70946 /* Sources */ = {
			isa = PBXSourcesBuildPhase;
			buildActionMask = 2147483647;
			files = (
				181EBB392285100B00F70946 /* ViewController.swift in Sources */,
				181EBB372285100B00F70946 /* AppDelegate.swift in Sources */,
			);
			runOnlyForDeploymentPostprocessing = 0;
		};
		181EBB432285100C00F70946 /* Sources */ = {
			isa = PBXSourcesBuildPhase;
			buildActionMask = 2147483647;
			files = (
				181EBB4C2285100C00F70946 /* BoundsFrameTests.swift in Sources */,
			);
			runOnlyForDeploymentPostprocessing = 0;
		};
		181EBB4E2285100C00F70946 /* Sources */ = {
			isa = PBXSourcesBuildPhase;
			buildActionMask = 2147483647;
			files = (
				181EBB572285100C00F70946 /* BoundsFrameUITests.swift in Sources */,
			);
			runOnlyForDeploymentPostprocessing = 0;
		};
/* End PBXSourcesBuildPhase section */

/* Begin PBXTargetDependency section */
		181EBB492285100C00F70946 /* PBXTargetDependency */ = {
			isa = PBXTargetDependency;
			target = 181EBB322285100B00F70946 /* BoundsFrame */;
			targetProxy = 181EBB482285100C00F70946 /* PBXContainerItemProxy */;
		};
		181EBB542285100C00F70946 /* PBXTargetDependency */ = {
			isa = PBXTargetDependency;
			target = 181EBB322285100B00F70946 /* BoundsFrame */;
			targetProxy = 181EBB532285100C00F70946 /* PBXContainerItemProxy */;
		};
/* End PBXTargetDependency section */

/* Begin PBXVariantGroup section */
		181EBB3A2285100B00F70946 /* Main.storyboard */ = {
			isa = PBXVariantGroup;
			children = (
				181EBB3B2285100B00F70946 /* Base */,
			);
			name = Main.storyboard;
			sourceTree = "<group>";
		};
		181EBB3F2285100C00F70946 /* LaunchScreen.storyboard */ = {
			isa = PBXVariantGroup;
			children = (
				181EBB402285100C00F70946 /* Base */,
			);
			name = LaunchScreen.storyboard;
			sourceTree = "<group>";
		};
/* End PBXVariantGroup section */

/* Begin XCBuildConfiguration section */
		181EBB592285100C00F70946 /* Debug */ = {
			isa = XCBuildConfiguration;
			buildSettings = {
				ALWAYS_SEARCH_USER_PATHS = NO;
				CLANG_ANALYZER_NONNULL = YES;
				CLANG_ANALYZER_NUMBER_OBJECT_CONVERSION = YES_AGGRESSIVE;
				CLANG_CXX_LANGUAGE_STANDARD = "gnu++14";
				CLANG_CXX_LIBRARY = "libc++";
				CLANG_ENABLE_MODULES = YES;
				CLANG_ENABLE_OBJC_ARC = YES;
				CLANG_ENABLE_OBJC_WEAK = YES;
				CLANG_WARN_BLOCK_CAPTURE_AUTORELEASING = YES;
				CLANG_WARN_BOOL_CONVERSION = YES;
				CLANG_WARN_COMMA = YES;
				CLANG_WARN_CONSTANT_CONVERSION = YES;
				CLANG_WARN_DEPRECATED_OBJC_IMPLEMENTATIONS = YES;
				CLANG_WARN_DIRECT_OBJC_ISA_USAGE = YES_ERROR;
				CLANG_WARN_DOCUMENTATION_COMMENTS = YES;
				CLANG_WARN_EMPTY_BODY = YES;
				CLANG_WARN_ENUM_CONVERSION = YES;
				CLANG_WARN_INFINITE_RECURSION = YES;
				CLANG_WARN_INT_CONVERSION = YES;
				CLANG_WARN_NON_LITERAL_NULL_CONVERSION = YES;
				CLANG_WARN_OBJC_IMPLICIT_RETAIN_SELF = YES;
				CLANG_WARN_OBJC_LITERAL_CONVERSION = YES;
				CLANG_WARN_OBJC_ROOT_CLASS = YES_ERROR;
				CLANG_WARN_RANGE_LOOP_ANALYSIS = YES;
				CLANG_WARN_STRICT_PROTOTYPES = YES;
				CLANG_WARN_SUSPICIOUS_MOVE = YES;
				CLANG_WARN_UNGUARDED_AVAILABILITY = YES_AGGRESSIVE;
				CLANG_WARN_UNREACHABLE_CODE = YES;
				CLANG_WARN__DUPLICATE_METHOD_MATCH = YES;
				CODE_SIGN_IDENTITY = "iPhone Developer";
				COPY_PHASE_STRIP = NO;
				DEBUG_INFORMATION_FORMAT = dwarf;
				ENABLE_STRICT_OBJC_MSGSEND = YES;
				ENABLE_TESTABILITY = YES;
				GCC_C_LANGUAGE_STANDARD = gnu11;
				GCC_DYNAMIC_NO_PIC = NO;
				GCC_NO_COMMON_BLOCKS = YES;
				GCC_OPTIMIZATION_LEVEL = 0;
				GCC_PREPROCESSOR_DEFINITIONS = (
					"DEBUG=1",
					"$(inherited)",
				);
				GCC_WARN_64_TO_32_BIT_CONVERSION = YES;
				GCC_WARN_ABOUT_RETURN_TYPE = YES_ERROR;
				GCC_WARN_UNDECLARED_SELECTOR = YES;
				GCC_WARN_UNINITIALIZED_AUTOS = YES_AGGRESSIVE;
				GCC_WARN_UNUSED_FUNCTION = YES;
				GCC_WARN_UNUSED_VARIABLE = YES;
				IPHONEOS_DEPLOYMENT_TARGET = 12.1;
				MTL_ENABLE_DEBUG_INFO = INCLUDE_SOURCE;
				MTL_FAST_MATH = YES;
				ONLY_ACTIVE_ARCH = YES;
				SDKROOT = iphoneos;
				SWIFT_ACTIVE_COMPILATION_CONDITIONS = DEBUG;
				SWIFT_OPTIMIZATION_LEVEL = "-Onone";
			};
			name = Debug;
		};
		181EBB5A2285100C00F70946 /* Release */ = {
			isa = XCBuildConfiguration;
			buildSettings = {
				ALWAYS_SEARCH_USER_PATHS = NO;
				CLANG_ANALYZER_NONNULL = YES;
				CLANG_ANALYZER_NUMBER_OBJECT_CONVERSION = YES_AGGRESSIVE;
				CLANG_CXX_LANGUAGE_STANDARD = "gnu++14";
				CLANG_CXX_LIBRARY = "libc++";
				CLANG_ENABLE_MODULES = YES;
				CLANG_ENABLE_OBJC_ARC = YES;
				CLANG_ENABLE_OBJC_WEAK = YES;
				CLANG_WARN_BLOCK_CAPTURE_AUTORELEASING = YES;
				CLANG_WARN_BOOL_CONVERSION = YES;
				CLANG_WARN_COMMA = YES;
				CLANG_WARN_CONSTANT_CONVERSION = YES;
				CLANG_WARN_DEPRECATED_OBJC_IMPLEMENTATIONS = YES;
				CLANG_WARN_DIRECT_OBJC_ISA_USAGE = YES_ERROR;
				CLANG_WARN_DOCUMENTATION_COMMENTS = YES;
				CLANG_WARN_EMPTY_BODY = YES;
				CLANG_WARN_ENUM_CONVERSION = YES;
				CLANG_WARN_INFINITE_RECURSION = YES;
				CLANG_WARN_INT_CONVERSION = YES;
				CLANG_WARN_NON_LITERAL_NULL_CONVERSION = YES;
				CLANG_WARN_OBJC_IMPLICIT_RETAIN_SELF = YES;
				CLANG_WARN_OBJC_LITERAL_CONVERSION = YES;
				CLANG_WARN_OBJC_ROOT_CLASS = YES_ERROR;
				CLANG_WARN_RANGE_LOOP_ANALYSIS = YES;
				CLANG_WARN_STRICT_PROTOTYPES = YES;
				CLANG_WARN_SUSPICIOUS_MOVE = YES;
				CLANG_WARN_UNGUARDED_AVAILABILITY = YES_AGGRESSIVE;
				CLANG_WARN_UNREACHABLE_CODE = YES;
				CLANG_WARN__DUPLICATE_METHOD_MATCH = YES;
				CODE_SIGN_IDENTITY = "iPhone Developer";
				COPY_PHASE_STRIP = NO;
				DEBUG_INFORMATION_FORMAT = "dwarf-with-dsym";
				ENABLE_NS_ASSERTIONS = NO;
				ENABLE_STRICT_OBJC_MSGSEND = YES;
				GCC_C_LANGUAGE_STANDARD = gnu11;
				GCC_NO_COMMON_BLOCKS = YES;
				GCC_WARN_64_TO_32_BIT_CONVERSION = YES;
				GCC_WARN_ABOUT_RETURN_TYPE = YES_ERROR;
				GCC_WARN_UNDECLARED_SELECTOR = YES;
				GCC_WARN_UNINITIALIZED_AUTOS = YES_AGGRESSIVE;
				GCC_WARN_UNUSED_FUNCTION = YES;
				GCC_WARN_UNUSED_VARIABLE = YES;
				IPHONEOS_DEPLOYMENT_TARGET = 12.1;
				MTL_ENABLE_DEBUG_INFO = NO;
				MTL_FAST_MATH = YES;
				SDKROOT = iphoneos;
				SWIFT_COMPILATION_MODE = wholemodule;
				SWIFT_OPTIMIZATION_LEVEL = "-O";
				VALIDATE_PRODUCT = YES;
			};
			name = Release;
		};
		181EBB5C2285100C00F70946 /* Debug */ = {
			isa = XCBuildConfiguration;
			buildSettings = {
				ASSETCATALOG_COMPILER_APPICON_NAME = AppIcon;
				CODE_SIGN_STYLE = Automatic;
				INFOPLIST_FILE = BoundsFrame/Info.plist;
				LD_RUNPATH_SEARCH_PATHS = (
					"$(inherited)",
					"@executable_path/Frameworks",
				);
				PRODUCT_BUNDLE_IDENTIFIER = xfq.BoundsFrame;
				PRODUCT_NAME = "$(TARGET_NAME)";
				SWIFT_VERSION = 4.2;
				TARGETED_DEVICE_FAMILY = "1,2";
			};
			name = Debug;
		};
		181EBB5D2285100C00F70946 /* Release */ = {
			isa = XCBuildConfiguration;
			buildSettings = {
				ASSETCATALOG_COMPILER_APPICON_NAME = AppIcon;
				CODE_SIGN_STYLE = Automatic;
				INFOPLIST_FILE = BoundsFrame/Info.plist;
				LD_RUNPATH_SEARCH_PATHS = (
					"$(inherited)",
					"@executable_path/Frameworks",
				);
				PRODUCT_BUNDLE_IDENTIFIER = xfq.BoundsFrame;
				PRODUCT_NAME = "$(TARGET_NAME)";
				SWIFT_VERSION = 4.2;
				TARGETED_DEVICE_FAMILY = "1,2";
			};
			name = Release;
		};
		181EBB5F2285100C00F70946 /* Debug */ = {
			isa = XCBuildConfiguration;
			buildSettings = {
				ALWAYS_EMBED_SWIFT_STANDARD_LIBRARIES = YES;
				BUNDLE_LOADER = "$(TEST_HOST)";
				CODE_SIGN_STYLE = Automatic;
				INFOPLIST_FILE = BoundsFrameTests/Info.plist;
				LD_RUNPATH_SEARCH_PATHS = (
					"$(inherited)",
					"@executable_path/Frameworks",
					"@loader_path/Frameworks",
				);
				PRODUCT_BUNDLE_IDENTIFIER = xfq.BoundsFrameTests;
				PRODUCT_NAME = "$(TARGET_NAME)";
				SWIFT_VERSION = 4.2;
				TARGETED_DEVICE_FAMILY = "1,2";
				TEST_HOST = "$(BUILT_PRODUCTS_DIR)/BoundsFrame.app/BoundsFrame";
			};
			name = Debug;
		};
		181EBB602285100C00F70946 /* Release */ = {
			isa = XCBuildConfiguration;
			buildSettings = {
				ALWAYS_EMBED_SWIFT_STANDARD_LIBRARIES = YES;
				BUNDLE_LOADER = "$(TEST_HOST)";
				CODE_SIGN_STYLE = Automatic;
				INFOPLIST_FILE = BoundsFrameTests/Info.plist;
				LD_RUNPATH_SEARCH_PATHS = (
					"$(inherited)",
					"@executable_path/Frameworks",
					"@loader_path/Frameworks",
				);
				PRODUCT_BUNDLE_IDENTIFIER = xfq.BoundsFrameTests;
				PRODUCT_NAME = "$(TARGET_NAME)";
				SWIFT_VERSION = 4.2;
				TARGETED_DEVICE_FAMILY = "1,2";
				TEST_HOST = "$(BUILT_PRODUCTS_DIR)/BoundsFrame.app/BoundsFrame";
			};
			name = Release;
		};
		181EBB622285100C00F70946 /* Debug */ = {
			isa = XCBuildConfiguration;
			buildSettings = {
				ALWAYS_EMBED_SWIFT_STANDARD_LIBRARIES = YES;
				CODE_SIGN_STYLE = Automatic;
				INFOPLIST_FILE = BoundsFrameUITests/Info.plist;
				LD_RUNPATH_SEARCH_PATHS = (
					"$(inherited)",
					"@executable_path/Frameworks",
					"@loader_path/Frameworks",
				);
				PRODUCT_BUNDLE_IDENTIFIER = xfq.BoundsFrameUITests;
				PRODUCT_NAME = "$(TARGET_NAME)";
				SWIFT_VERSION = 4.2;
				TARGETED_DEVICE_FAMILY = "1,2";
				TEST_TARGET_NAME = BoundsFrame;
			};
			name = Debug;
		};
		181EBB632285100C00F70946 /* Release */ = {
			isa = XCBuildConfiguration;
			buildSettings = {
				ALWAYS_EMBED_SWIFT_STANDARD_LIBRARIES = YES;
				CODE_SIGN_STYLE = Automatic;
				INFOPLIST_FILE = BoundsFrameUITests/Info.plist;
				LD_RUNPATH_SEARCH_PATHS = (
					"$(inherited)",
					"@executable_path/Frameworks",
					"@loader_path/Frameworks",
				);
				PRODUCT_BUNDLE_IDENTIFIER = xfq.BoundsFrameUITests;
				PRODUCT_NAME = "$(TARGET_NAME)";
				SWIFT_VERSION = 4.2;
				TARGETED_DEVICE_FAMILY = "1,2";
				TEST_TARGET_NAME = BoundsFrame;
			};
			name = Release;
		};
/* End XCBuildConfiguration section */

/* Begin XCConfigurationList section */
		181EBB2E2285100B00F70946 /* Build configuration list for PBXProject "BoundsFrame" */ = {
			isa = XCConfigurationList;
			buildConfigurations = (
				181EBB592285100C00F70946 /* Debug */,
				181EBB5A2285100C00F70946 /* Release */,
			);
			defaultConfigurationIsVisible = 0;
			defaultConfigurationName = Release;
		};
		181EBB5B2285100C00F70946 /* Build configuration list for PBXNativeTarget "BoundsFrame" */ = {
			isa = XCConfigurationList;
			buildConfigurations = (
				181EBB5C2285100C00F70946 /* Debug */,
				181EBB5D2285100C00F70946 /* Release */,
			);
			defaultConfigurationIsVisible = 0;
			defaultConfigurationName = Release;
		};
		181EBB5E2285100C00F70946 /* Build configuration list for PBXNativeTarget "BoundsFrameTests" */ = {
			isa = XCConfigurationList;
			buildConfigurations = (
				181EBB5F2285100C00F70946 /* Debug */,
				181EBB602285100C00F70946 /* Release */,
			);
			defaultConfigurationIsVisible = 0;
			defaultConfigurationName = Release;
		};
		181EBB612285100C00F70946 /* Build configuration list for PBXNativeTarget "BoundsFrameUITests" */ = {
			isa = XCConfigurationList;
			buildConfigurations = (
				181EBB622285100C00F70946 /* Debug */,
				181EBB632285100C00F70946 /* Release */,
			);
			defaultConfigurationIsVisible = 0;
			defaultConfigurationName = Release;
		};
/* End XCConfigurationList section */
	};
	rootObject = 181EBB2B2285100B00F70946 /* Project object */;
}
